
Microsoft Visual Studio Solution File, Format Version 12.00
# Visual Studio Version 17
VisualStudioVersion = 17.8.34511.84
MinimumVisualStudioVersion = 10.0.40219.1
Project("{9A19103F-16F7-4668-BE54-9A1E7A4F7556}") = "NotificationApi", "NotificationApi.csproj", "{B745D30E-2507-460A-9575-8264188D37F6}"
EndProject
Project("{2150E333-8FDC-42A3-9474-1A3956D46DE8}") = "Itens de Solução", "Itens de Solução", "{11D4CA83-48FC-4179-AB04-FDA3688FCF97}"
	ProjectSection(SolutionItems) = preProject
		.gitignore = .gitignore
	EndProjectSection
EndProject
Global
	GlobalSection(SolutionConfigurationPlatforms) = preSolution
		Debug|Any CPU = Debug|Any CPU
		Release|Any CPU = Release|Any CPU
	EndGlobalSection
	GlobalSection(ProjectConfigurationPlatforms) = postSolution
		{B745D30E-2507-460A-9575-8264188D37F6}.Debug|Any CPU.ActiveCfg = Debug|Any CPU
		{B745D30E-2507-460A-9575-8264188D37F6}.Debug|Any CPU.Build.0 = Debug|Any CPU
		{B745D30E-2507-460A-9575-8264188D37F6}.Release|Any CPU.ActiveCfg = Release|Any CPU
		{B745D30E-2507-460A-9575-8264188D37F6}.Release|Any CPU.Build.0 = Release|Any CPU
	EndGlobalSection
	GlobalSection(SolutionProperties) = preSolution
		HideSolutionNode = FALSE
	EndGlobalSection
	GlobalSection(ExtensibilityGlobals) = postSolution
		SolutionGuid = {E0EA2F7A-999B-447C-B2F9-1A0E1E81709D}
	EndGlobalSection
EndGlobal
